{
  "name": "tour-payments-worker",
  "lockfileVersion": 3,
  "requires": true,
  "packages": {
    "": {
      "name": "tour-payments-worker",
      "dependencies": {
        "@prisma/client": "^7.7.0",
        "dotenv": "^16.0.0",
        "stripe": "^22.0.1"
      }
    },
    "node_modules/@prisma/client": {
      "version": "7.7.0",
      "resolved": "https://registry.npmjs.org/@prisma/client/-/client-7.7.0.tgz",
      "integrity": "sha512-5Ar4OsZpJ54s21sy5oDNNW9gQtd4NuxCaiM7+JDTOU07D6VvlpLjYzAVCMB1+JzokN+08dAVomlx+b7bhJd3ww==",
      "license": "Apache-2.0",
      "dependencies": {
        "@prisma/client-runtime-utils": "7.7.0"
      },
      "engines": {
        "node": "^20.19 || ^22.12 || >=24.0"
      },
      "peerDependencies": {
        "prisma": "*",
        "typescript": ">=5.4.0"
      },
      "peerDependenciesMeta": {
        "prisma": {
          "optional": true
        },
        "typescript": {
          "optional": true
        }
      }
    },
    "node_modules/@prisma/client-runtime-utils": {
      "version": "7.7.0",
      "resolved": "https://registry.npmjs.org/@prisma/client-runtime-utils/-/client-runtime-utils-7.7.0.tgz",
      "integrity": "sha512-BLyd0UpFYOtyJFTHm7jS9vesHW7P83abibodQMiIofqjBKzDHQ1VAsQkdfvXyYDkPlONPfOTz7/rv3x/+CQqvQ==",
      "license": "Apache-2.0"
    },
    "node_modules/dotenv": {
      "version": "16.6.1",
      "resolved": "https://registry.npmjs.org/dotenv/-/dotenv-16.6.1.tgz",
      "integrity": "sha512-uBq4egWHTcTt33a72vpSG0z3HnPuIl6NqYcTrKEg2azoEyl2hpW0zqlxysq2pK9HlDIHyHyakeYaYnSAwd8bow==",
      "license": "BSD-2-Clause",
      "engines": {
        "node": ">=12"
      },
      "funding": {
        "url": "https://dotenvx.com"
      }
    },
    "node_modules/stripe": {
      "version": "22.0.1",
      "resolved": "https://registry.npmjs.org/stripe/-/stripe-22.0.1.tgz",
      "integrity": "sha512-Yw764pZ6s8Xu4CtUZdD5uWOkw6gc9xzO9OKylCuj1gMhMDLbyGbDtaPNNSFE4mB6njYSHESYIVbF1iIzUfAl2g==",
      "license": "MIT",
      "engines": {
        "node": ">=18"
      },
      "peerDependencies": {
        "@types/node": ">=18"
      },
      "peerDependenciesMeta": {
        "@types/node": {
          "optional": true
        }
      }
    }
  }
}
